
Microsoft Visual Studio Solution File, Format Version 12.00
# Visual Studio Version 17
VisualStudioVersion = 17.0.32126.317
MinimumVisualStudioVersion = 10.0.40219.1
Project("{FAE04EC0-301F-11D3-BF4B-00C04F79EFBC}") = "Day_5_Assignments", "Day_5_Assignments.csproj", "{C769113F-1740-41C8-A49A-9946508CFDC2}"
EndProject
Global
	GlobalSection(SolutionConfigurationPlatforms) = preSolution
		Debug|Any CPU = Debug|Any CPU
		Release|Any CPU = Release|Any CPU
	EndGlobalSection
	GlobalSection(ProjectConfigurationPlatforms) = postSolution
		{C769113F-1740-41C8-A49A-9946508CFDC2}.Debug|Any CPU.ActiveCfg = Debug|Any CPU
		{C769113F-1740-41C8-A49A-9946508CFDC2}.Debug|Any CPU.Build.0 = Debug|Any CPU
		{C769113F-1740-41C8-A49A-9946508CFDC2}.Release|Any CPU.ActiveCfg = Release|Any CPU
		{C769113F-1740-41C8-A49A-9946508CFDC2}.Release|Any CPU.Build.0 = Release|Any CPU
	EndGlobalSection
	GlobalSection(SolutionProperties) = preSolution
		HideSolutionNode = FALSE
	EndGlobalSection
	GlobalSection(ExtensibilityGlobals) = postSolution
		SolutionGuid = {C3999FF8-EEE4-4E6B-9476-D81647E4D6E3}
	EndGlobalSection
EndGlobal
